
Microsoft Visual Studio Solution File, Format Version 12.00
# Visual Studio Version 17
VisualStudioVersion = 17.8.34525.116
MinimumVisualStudioVersion = 10.0.40219.1
Project("{FAE04EC0-301F-11D3-BF4B-00C04F79EFBC}") = "pz38-40", "pz38-40.csproj", "{99F58347-BCC0-4A00-BEAA-E3C6FAFECA63}"
EndProject
Global
	GlobalSection(SolutionConfigurationPlatforms) = preSolution
		Debug|Any CPU = Debug|Any CPU
		Release|Any CPU = Release|Any CPU
	EndGlobalSection
	GlobalSection(ProjectConfigurationPlatforms) = postSolution
		{99F58347-BCC0-4A00-BEAA-E3C6FAFECA63}.Debug|Any CPU.ActiveCfg = Debug|Any CPU
		{99F58347-BCC0-4A00-BEAA-E3C6FAFECA63}.Debug|Any CPU.Build.0 = Debug|Any CPU
		{99F58347-BCC0-4A00-BEAA-E3C6FAFECA63}.Release|Any CPU.ActiveCfg = Release|Any CPU
		{99F58347-BCC0-4A00-BEAA-E3C6FAFECA63}.Release|Any CPU.Build.0 = Release|Any CPU
	EndGlobalSection
	GlobalSection(SolutionProperties) = preSolution
		HideSolutionNode = FALSE
	EndGlobalSection
	GlobalSection(ExtensibilityGlobals) = postSolution
		SolutionGuid = {48FF530B-EECD-4899-8AF4-703AD1CA6DA1}
	EndGlobalSection
EndGlobal
