
Microsoft Visual Studio Solution File, Format Version 12.00
# Visual Studio Version 17
VisualStudioVersion = 17.7.34024.191
MinimumVisualStudioVersion = 10.0.40219.1
Project("{FAE04EC0-301F-11D3-BF4B-00C04F79EFBC}") = "pz25-26_3", "pz25-26_3.csproj", "{6FBE3E08-7A67-45B6-BDA8-B490DEC1FB93}"
EndProject
Global
	GlobalSection(SolutionConfigurationPlatforms) = preSolution
		Debug|Any CPU = Debug|Any CPU
		Release|Any CPU = Release|Any CPU
	EndGlobalSection
	GlobalSection(ProjectConfigurationPlatforms) = postSolution
		{6FBE3E08-7A67-45B6-BDA8-B490DEC1FB93}.Debug|Any CPU.ActiveCfg = Debug|Any CPU
		{6FBE3E08-7A67-45B6-BDA8-B490DEC1FB93}.Debug|Any CPU.Build.0 = Debug|Any CPU
		{6FBE3E08-7A67-45B6-BDA8-B490DEC1FB93}.Release|Any CPU.ActiveCfg = Release|Any CPU
		{6FBE3E08-7A67-45B6-BDA8-B490DEC1FB93}.Release|Any CPU.Build.0 = Release|Any CPU
	EndGlobalSection
	GlobalSection(SolutionProperties) = preSolution
		HideSolutionNode = FALSE
	EndGlobalSection
	GlobalSection(ExtensibilityGlobals) = postSolution
		SolutionGuid = {17A67B59-38FC-438E-BE66-CA7382595447}
	EndGlobalSection
EndGlobal
