
Microsoft Visual Studio Solution File, Format Version 12.00
# Visual Studio Version 17
VisualStudioVersion = 17.8.34525.116
MinimumVisualStudioVersion = 10.0.40219.1
Project("{FAE04EC0-301F-11D3-BF4B-00C04F79EFBC}") = "pz27_28_2", "pz27_28_2.csproj", "{324DFA68-39F6-4F58-86F1-7DF1B2005F8D}"
EndProject
Global
	GlobalSection(SolutionConfigurationPlatforms) = preSolution
		Debug|Any CPU = Debug|Any CPU
		Release|Any CPU = Release|Any CPU
	EndGlobalSection
	GlobalSection(ProjectConfigurationPlatforms) = postSolution
		{324DFA68-39F6-4F58-86F1-7DF1B2005F8D}.Debug|Any CPU.ActiveCfg = Debug|Any CPU
		{324DFA68-39F6-4F58-86F1-7DF1B2005F8D}.Debug|Any CPU.Build.0 = Debug|Any CPU
		{324DFA68-39F6-4F58-86F1-7DF1B2005F8D}.Release|Any CPU.ActiveCfg = Release|Any CPU
		{324DFA68-39F6-4F58-86F1-7DF1B2005F8D}.Release|Any CPU.Build.0 = Release|Any CPU
	EndGlobalSection
	GlobalSection(SolutionProperties) = preSolution
		HideSolutionNode = FALSE
	EndGlobalSection
	GlobalSection(ExtensibilityGlobals) = postSolution
		SolutionGuid = {59C1B0AB-A3C4-4E31-A9C9-313FC3C213F2}
	EndGlobalSection
EndGlobal
