
Microsoft Visual Studio Solution File, Format Version 12.00
# Visual Studio Version 17
VisualStudioVersion = 17.7.34024.191
MinimumVisualStudioVersion = 10.0.40219.1
Project("{FAE04EC0-301F-11D3-BF4B-00C04F79EFBC}") = "pz25-26_4", "pz25-26_4.csproj", "{A4AF9C87-422C-4785-A5C0-54F0BE28AC20}"
EndProject
Global
	GlobalSection(SolutionConfigurationPlatforms) = preSolution
		Debug|Any CPU = Debug|Any CPU
		Release|Any CPU = Release|Any CPU
	EndGlobalSection
	GlobalSection(ProjectConfigurationPlatforms) = postSolution
		{A4AF9C87-422C-4785-A5C0-54F0BE28AC20}.Debug|Any CPU.ActiveCfg = Debug|Any CPU
		{A4AF9C87-422C-4785-A5C0-54F0BE28AC20}.Debug|Any CPU.Build.0 = Debug|Any CPU
		{A4AF9C87-422C-4785-A5C0-54F0BE28AC20}.Release|Any CPU.ActiveCfg = Release|Any CPU
		{A4AF9C87-422C-4785-A5C0-54F0BE28AC20}.Release|Any CPU.Build.0 = Release|Any CPU
	EndGlobalSection
	GlobalSection(SolutionProperties) = preSolution
		HideSolutionNode = FALSE
	EndGlobalSection
	GlobalSection(ExtensibilityGlobals) = postSolution
		SolutionGuid = {F1244F59-6366-4E50-90E7-45816609E21E}
	EndGlobalSection
EndGlobal
