
Microsoft Visual Studio Solution File, Format Version 12.00
# Visual Studio Version 17
VisualStudioVersion = 17.7.34024.191
MinimumVisualStudioVersion = 10.0.40219.1
Project("{FAE04EC0-301F-11D3-BF4B-00C04F79EFBC}") = "pz25-26_1", "pz25-26_1.csproj", "{FD4EB833-B96B-4904-80DD-9CE5FFEA7CD0}"
EndProject
Global
	GlobalSection(SolutionConfigurationPlatforms) = preSolution
		Debug|Any CPU = Debug|Any CPU
		Release|Any CPU = Release|Any CPU
	EndGlobalSection
	GlobalSection(ProjectConfigurationPlatforms) = postSolution
		{FD4EB833-B96B-4904-80DD-9CE5FFEA7CD0}.Debug|Any CPU.ActiveCfg = Debug|Any CPU
		{FD4EB833-B96B-4904-80DD-9CE5FFEA7CD0}.Debug|Any CPU.Build.0 = Debug|Any CPU
		{FD4EB833-B96B-4904-80DD-9CE5FFEA7CD0}.Release|Any CPU.ActiveCfg = Release|Any CPU
		{FD4EB833-B96B-4904-80DD-9CE5FFEA7CD0}.Release|Any CPU.Build.0 = Release|Any CPU
	EndGlobalSection
	GlobalSection(SolutionProperties) = preSolution
		HideSolutionNode = FALSE
	EndGlobalSection
	GlobalSection(ExtensibilityGlobals) = postSolution
		SolutionGuid = {6ED8A8A1-5A46-4E34-A4D1-F00FAECED101}
	EndGlobalSection
EndGlobal
